# This file is automatically @generated by Cargo.
# It is not intended for manual editing.
[[package]]
name = "a01"
version = "0.1.0"
dependencies = [
 "proconio",
]

[[package]]
name = "a02"
version = "0.1.0"
dependencies = [
 "proconio",
]

[[package]]
name = "a03"
version = "0.1.0"
dependencies = [
 "proconio",
]

[[package]]
name = "a04"
version = "0.1.0"
dependencies = [
 "proconio",
]

[[package]]
name = "a05"
version = "0.1.0"
dependencies = [
 "proconio",
]

[[package]]
name = "a06"
version = "0.1.0"
dependencies = [
 "proconio",
]

[[package]]
name = "a07"
version = "0.1.0"
dependencies = [
 "proconio",
]

[[package]]
name = "a08"
version = "0.1.0"
dependencies = [
 "proconio",
]

[[package]]
name = "a09"
version = "0.1.0"
dependencies = [
 "proconio",
]

[[package]]
name = "a10"
version = "0.1.0"
dependencies = [
 "proconio",
]

[[package]]
name = "a11"
version = "0.1.0"
dependencies = [
 "proconio",
]

[[package]]
name = "a12"
version = "0.1.0"
dependencies = [
 "proconio",
]

[[package]]
name = "a13"
version = "0.1.0"
dependencies = [
 "proconio",
]

[[package]]
name = "a14"
version = "0.1.0"
dependencies = [
 "proconio",
 "superslice",
]

[[package]]
name = "a15"
version = "0.1.0"
dependencies = [
 "proconio",
 "superslice",
]

[[package]]
name = "a16"
version = "0.1.0"
dependencies = [
 "proconio",
]

[[package]]
name = "a17"
version = "0.1.0"
dependencies = [
 "proconio",
]

[[package]]
name = "a18"
version = "0.1.0"
dependencies = [
 "proconio",
]

[[package]]
name = "a19"
version = "0.1.0"
dependencies = [
 "proconio",
]

[[package]]
name = "a20"
version = "0.1.0"
dependencies = [
 "proconio",
]

[[package]]
name = "a21"
version = "0.1.0"
dependencies = [
 "proconio",
]

[[package]]
name = "a22"
version = "0.1.0"
dependencies = [
 "proconio",
]

[[package]]
name = "a23"
version = "0.1.0"
dependencies = [
 "proconio",
]

[[package]]
name = "a24"
version = "0.1.0"
dependencies = [
 "proconio",
 "superslice",
]

[[package]]
name = "a25"
version = "0.1.0"
dependencies = [
 "proconio",
]

[[package]]
name = "a26"
version = "0.1.0"
dependencies = [
 "proconio",
]

[[package]]
name = "a27"
version = "0.1.0"
dependencies = [
 "proconio",
]

[[package]]
name = "b01"
version = "0.1.0"
dependencies = [
 "proconio",
]

[[package]]
name = "b02"
version = "0.1.0"
dependencies = [
 "proconio",
]

[[package]]
name = "b03"
version = "0.1.0"
dependencies = [
 "proconio",
]

[[package]]
name = "b04"
version = "0.1.0"
dependencies = [
 "proconio",
]

[[package]]
name = "b06"
version = "0.1.0"
dependencies = [
 "proconio",
]

[[package]]
name = "b07"
version = "0.1.0"
dependencies = [
 "proconio",
]

[[package]]
name = "b08"
version = "0.1.0"
dependencies = [
 "proconio",
]

[[package]]
name = "b11"
version = "0.1.0"
dependencies = [
 "proconio",
 "superslice",
]

[[package]]
name = "b12"
version = "0.1.0"
dependencies = [
 "proconio",
]

[[package]]
name = "b13"
version = "0.1.0"
dependencies = [
 "proconio",
]

[[package]]
name = "b14"
version = "0.1.0"
dependencies = [
 "proconio",
 "superslice",
]

[[package]]
name = "b16"
version = "0.1.0"
dependencies = [
 "proconio",
]

[[package]]
name = "b17"
version = "0.1.0"
dependencies = [
 "proconio",
]

[[package]]
name = "b18"
version = "0.1.0"
dependencies = [
 "proconio",
]

[[package]]
name = "b19"
version = "0.1.0"
dependencies = [
 "proconio",
]

[[package]]
name = "b20"
version = "0.1.0"
dependencies = [
 "proconio",
]

[[package]]
name = "b21"
version = "0.1.0"
dependencies = [
 "proconio",
]

[[package]]
name = "b22"
version = "0.1.0"
dependencies = [
 "proconio",
]

[[package]]
name = "b23"
version = "0.1.0"
dependencies = [
 "proconio",
]

[[package]]
name = "b24"
version = "0.1.0"
dependencies = [
 "proconio",
 "superslice",
]

[[package]]
name = "b26"
version = "0.1.0"
dependencies = [
 "proconio",
]

[[package]]
name = "lazy_static"
version = "1.4.0"
source = "registry+https://github.com/rust-lang/crates.io-index"
checksum = "e2abad23fbc42b3700f2f279844dc832adb2b2eb069b2df918f455c4e18cc646"

[[package]]
name = "proc-macro2"
version = "0.4.30"
source = "registry+https://github.com/rust-lang/crates.io-index"
checksum = "cf3d2011ab5c909338f7887f4fc896d35932e29146c12c8d01da6b22a80ba759"
dependencies = [
 "unicode-xid",
]

[[package]]
name = "proconio"
version = "0.3.6"
source = "registry+https://github.com/rust-lang/crates.io-index"
checksum = "3bed4f95f88d84bb8efd51dbc080d463e6ca953f05dfade2e24daf19dd861ccd"
dependencies = [
 "lazy_static",
 "proconio-derive",
]

[[package]]
name = "proconio-derive"
version = "0.1.9"
source = "registry+https://github.com/rust-lang/crates.io-index"
checksum = "8096c9313b401ca5bf09f93235fdf4fe6dbedc4f64e3968d2688bf89433a6738"
dependencies = [
 "proc-macro2",
 "quote",
 "syn",
]

[[package]]
name = "quote"
version = "0.6.13"
source = "registry+https://github.com/rust-lang/crates.io-index"
checksum = "6ce23b6b870e8f94f81fb0a363d65d86675884b34a09043c81e5562f11c1f8e1"
dependencies = [
 "proc-macro2",
]

[[package]]
name = "superslice"
version = "1.0.0"
source = "registry+https://github.com/rust-lang/crates.io-index"
checksum = "ab16ced94dbd8a46c82fd81e3ed9a8727dac2977ea869d217bcc4ea1f122e81f"

[[package]]
name = "syn"
version = "0.15.44"
source = "registry+https://github.com/rust-lang/crates.io-index"
checksum = "9ca4b3b69a77cbe1ffc9e198781b7acb0c7365a883670e8f1c1bc66fba79a5c5"
dependencies = [
 "proc-macro2",
 "quote",
 "unicode-xid",
]

[[package]]
name = "unicode-xid"
version = "0.1.0"
source = "registry+https://github.com/rust-lang/crates.io-index"
checksum = "fc72304796d0818e357ead4e000d19c9c174ab23dc11093ac919054d20a6a7fc"
